// !$*UTF8*$!
{
	archiveVersion = 1;
	classes = {
	};
	objectVersion = 56;
	objects = {

/* Begin PBXBuildFile section */
		CFC5C57E2B318DE000C1ECD6 /* MyBudgetApp.swift in Sources */ = {isa = PBXBuildFile; fileRef = CFC5C57D2B318DE000C1ECD6 /* MyBudgetApp.swift */; };
		CFC5C5802B318DE000C1ECD6 /* MainView.swift in Sources */ = {isa = PBXBuildFile; fileRef = CFC5C57F2B318DE000C1ECD6 /* MainView.swift */; };
		CFC5C5822B318DE200C1ECD6 /* Assets.xcassets in Resources */ = {isa = PBXBuildFile; fileRef = CFC5C5812B318DE200C1ECD6 /* Assets.xcassets */; };
		CFC5C5852B318DE200C1ECD6 /* Preview Assets.xcassets in Resources */ = {isa = PBXBuildFile; fileRef = CFC5C5842B318DE200C1ECD6 /* Preview Assets.xcassets */; };
		CFC5C58E2B318F5000C1ECD6 /* Tab.swift in Sources */ = {isa = PBXBuildFile; fileRef = CFC5C58D2B318F5000C1ECD6 /* Tab.swift */; };
		CFC5C5902B31954000C1ECD6 /* SettingsView.swift in Sources */ = {isa = PBXBuildFile; fileRef = CFC5C58F2B31954000C1ECD6 /* SettingsView.swift */; };
		CFC5C5932B31965F00C1ECD6 /* SettingButton.swift in Sources */ = {isa = PBXBuildFile; fileRef = CFC5C5922B31965F00C1ECD6 /* SettingButton.swift */; };
		CFC5C5962B3196BA00C1ECD6 /* ChevronIcon.swift in Sources */ = {isa = PBXBuildFile; fileRef = CFC5C5952B3196BA00C1ECD6 /* ChevronIcon.swift */; };
		CFC5C59A2B3196FC00C1ECD6 /* ConditionalViewModifier.swift in Sources */ = {isa = PBXBuildFile; fileRef = CFC5C5992B3196FC00C1ECD6 /* ConditionalViewModifier.swift */; };
		CFC5C5A02B31A42A00C1ECD6 /* SupportView.swift in Sources */ = {isa = PBXBuildFile; fileRef = CFC5C59F2B31A42A00C1ECD6 /* SupportView.swift */; };
		CFC5C5A42B31AECA00C1ECD6 /* String+Identifiable.swift in Sources */ = {isa = PBXBuildFile; fileRef = CFC5C5A32B31AECA00C1ECD6 /* String+Identifiable.swift */; };
		CFC5C5A72B31AEE600C1ECD6 /* BubbleView.swift in Sources */ = {isa = PBXBuildFile; fileRef = CFC5C5A62B31AEE600C1ECD6 /* BubbleView.swift */; };
/* End PBXBuildFile section */

/* Begin PBXFileReference section */
		CFC5C57A2B318DE000C1ECD6 /* MyBudget.app */ = {isa = PBXFileReference; explicitFileType = wrapper.application; includeInIndex = 0; path = MyBudget.app; sourceTree = BUILT_PRODUCTS_DIR; };
		CFC5C57D2B318DE000C1ECD6 /* MyBudgetApp.swift */ = {isa = PBXFileReference; lastKnownFileType = sourcecode.swift; path = MyBudgetApp.swift; sourceTree = "<group>"; };
		CFC5C57F2B318DE000C1ECD6 /* MainView.swift */ = {isa = PBXFileReference; lastKnownFileType = sourcecode.swift; path = MainView.swift; sourceTree = "<group>"; };
		CFC5C5812B318DE200C1ECD6 /* Assets.xcassets */ = {isa = PBXFileReference; lastKnownFileType = folder.assetcatalog; path = Assets.xcassets; sourceTree = "<group>"; };
		CFC5C5842B318DE200C1ECD6 /* Preview Assets.xcassets */ = {isa = PBXFileReference; lastKnownFileType = folder.assetcatalog; path = "Preview Assets.xcassets"; sourceTree = "<group>"; };
		CFC5C58D2B318F5000C1ECD6 /* Tab.swift */ = {isa = PBXFileReference; lastKnownFileType = sourcecode.swift; path = Tab.swift; sourceTree = "<group>"; };
		CFC5C58F2B31954000C1ECD6 /* SettingsView.swift */ = {isa = PBXFileReference; lastKnownFileType = sourcecode.swift; path = SettingsView.swift; sourceTree = "<group>"; };
		CFC5C5922B31965F00C1ECD6 /* SettingButton.swift */ = {isa = PBXFileReference; lastKnownFileType = sourcecode.swift; path = SettingButton.swift; sourceTree = "<group>"; };
		CFC5C5952B3196BA00C1ECD6 /* ChevronIcon.swift */ = {isa = PBXFileReference; lastKnownFileType = sourcecode.swift; path = ChevronIcon.swift; sourceTree = "<group>"; };
		CFC5C5992B3196FC00C1ECD6 /* ConditionalViewModifier.swift */ = {isa = PBXFileReference; lastKnownFileType = sourcecode.swift; path = ConditionalViewModifier.swift; sourceTree = "<group>"; };
		CFC5C59F2B31A42A00C1ECD6 /* SupportView.swift */ = {isa = PBXFileReference; lastKnownFileType = sourcecode.swift; path = SupportView.swift; sourceTree = "<group>"; };
		CFC5C5A32B31AECA00C1ECD6 /* String+Identifiable.swift */ = {isa = PBXFileReference; lastKnownFileType = sourcecode.swift; path = "String+Identifiable.swift"; sourceTree = "<group>"; };
		CFC5C5A62B31AEE600C1ECD6 /* BubbleView.swift */ = {isa = PBXFileReference; lastKnownFileType = sourcecode.swift; path = BubbleView.swift; sourceTree = "<group>"; };
/* End PBXFileReference section */

/* Begin PBXFrameworksBuildPhase section */
		CFC5C5772B318DE000C1ECD6 /* Frameworks */ = {
			isa = PBXFrameworksBuildPhase;
			buildActionMask = 2147483647;
			files = (
			);
			runOnlyForDeploymentPostprocessing = 0;
		};
/* End PBXFrameworksBuildPhase section */

/* Begin PBXGroup section */
		CFC5C5712B318DE000C1ECD6 = {
			isa = PBXGroup;
			children = (
				CFC5C57C2B318DE000C1ECD6 /* MyBudget */,
				CFC5C57B2B318DE000C1ECD6 /* Products */,
			);
			sourceTree = "<group>";
		};
		CFC5C57B2B318DE000C1ECD6 /* Products */ = {
			isa = PBXGroup;
			children = (
				CFC5C57A2B318DE000C1ECD6 /* MyBudget.app */,
			);
			name = Products;
			sourceTree = "<group>";
		};
		CFC5C57C2B318DE000C1ECD6 /* MyBudget */ = {
			isa = PBXGroup;
			children = (
				CFC5C57D2B318DE000C1ECD6 /* MyBudgetApp.swift */,
				CFC5C58B2B318F4200C1ECD6 /* Model */,
				CFC5C58C2B318F4700C1ECD6 /* View */,
				CFC5C5A22B31AEB000C1ECD6 /* Extensions */,
				CFC5C59C2B3198B000C1ECD6 /* Resources */,
				CFC5C5832B318DE200C1ECD6 /* Preview Content */,
			);
			path = MyBudget;
			sourceTree = "<group>";
		};
		CFC5C5832B318DE200C1ECD6 /* Preview Content */ = {
			isa = PBXGroup;
			children = (
				CFC5C5842B318DE200C1ECD6 /* Preview Assets.xcassets */,
			);
			path = "Preview Content";
			sourceTree = "<group>";
		};
		CFC5C58B2B318F4200C1ECD6 /* Model */ = {
			isa = PBXGroup;
			children = (
				CFC5C58D2B318F5000C1ECD6 /* Tab.swift */,
			);
			path = Model;
			sourceTree = "<group>";
		};
		CFC5C58C2B318F4700C1ECD6 /* View */ = {
			isa = PBXGroup;
			children = (
				CFC5C57F2B318DE000C1ECD6 /* MainView.swift */,
				CFC5C5942B3196A600C1ECD6 /* General */,
				CFC5C5912B31959000C1ECD6 /* Settings */,
				CFC5C5A12B31A44600C1ECD6 /* Support */,
			);
			path = View;
			sourceTree = "<group>";
		};
		CFC5C5912B31959000C1ECD6 /* Settings */ = {
			isa = PBXGroup;
			children = (
				CFC5C58F2B31954000C1ECD6 /* SettingsView.swift */,
				CFC5C5922B31965F00C1ECD6 /* SettingButton.swift */,
			);
			path = Settings;
			sourceTree = "<group>";
		};
		CFC5C5942B3196A600C1ECD6 /* General */ = {
			isa = PBXGroup;
			children = (
				CFC5C5952B3196BA00C1ECD6 /* ChevronIcon.swift */,
				CFC5C5992B3196FC00C1ECD6 /* ConditionalViewModifier.swift */,
			);
			path = General;
			sourceTree = "<group>";
		};
		CFC5C59C2B3198B000C1ECD6 /* Resources */ = {
			isa = PBXGroup;
			children = (
				CFC5C5812B318DE200C1ECD6 /* Assets.xcassets */,
			);
			path = Resources;
			sourceTree = "<group>";
		};
		CFC5C5A12B31A44600C1ECD6 /* Support */ = {
			isa = PBXGroup;
			children = (
				CFC5C5A62B31AEE600C1ECD6 /* BubbleView.swift */,
				CFC5C59F2B31A42A00C1ECD6 /* SupportView.swift */,
			);
			path = Support;
			sourceTree = "<group>";
		};
		CFC5C5A22B31AEB000C1ECD6 /* Extensions */ = {
			isa = PBXGroup;
			children = (
				CFC5C5A32B31AECA00C1ECD6 /* String+Identifiable.swift */,
			);
			path = Extensions;
			sourceTree = "<group>";
		};
/* End PBXGroup section */

/* Begin PBXNativeTarget section */
		CFC5C5792B318DE000C1ECD6 /* MyBudget */ = {
			isa = PBXNativeTarget;
			buildConfigurationList = CFC5C5882B318DE200C1ECD6 /* Build configuration list for PBXNativeTarget "MyBudget" */;
			buildPhases = (
				CFC5C5762B318DE000C1ECD6 /* Sources */,
				CFC5C5772B318DE000C1ECD6 /* Frameworks */,
				CFC5C5782B318DE000C1ECD6 /* Resources */,
			);
			buildRules = (
			);
			dependencies = (
			);
			name = MyBudget;
			productName = MyBudget;
			productReference = CFC5C57A2B318DE000C1ECD6 /* MyBudget.app */;
			productType = "com.apple.product-type.application";
		};
/* End PBXNativeTarget section */

/* Begin PBXProject section */
		CFC5C5722B318DE000C1ECD6 /* Project object */ = {
			isa = PBXProject;
			attributes = {
				BuildIndependentTargetsInParallel = 1;
				LastSwiftUpdateCheck = 1510;
				LastUpgradeCheck = 1510;
				TargetAttributes = {
					CFC5C5792B318DE000C1ECD6 = {
						CreatedOnToolsVersion = 15.1;
					};
				};
			};
			buildConfigurationList = CFC5C5752B318DE000C1ECD6 /* Build configuration list for PBXProject "MyBudget" */;
			compatibilityVersion = "Xcode 14.0";
			developmentRegion = en;
			hasScannedForEncodings = 0;
			knownRegions = (
				en,
				Base,
			);
			mainGroup = CFC5C5712B318DE000C1ECD6;
			productRefGroup = CFC5C57B2B318DE000C1ECD6 /* Products */;
			projectDirPath = "";
			projectRoot = "";
			targets = (
				CFC5C5792B318DE000C1ECD6 /* MyBudget */,
			);
		};
/* End PBXProject section */

/* Begin PBXResourcesBuildPhase section */
		CFC5C5782B318DE000C1ECD6 /* Resources */ = {
			isa = PBXResourcesBuildPhase;
			buildActionMask = 2147483647;
			files = (
				CFC5C5852B318DE200C1ECD6 /* Preview Assets.xcassets in Resources */,
				CFC5C5822B318DE200C1ECD6 /* Assets.xcassets in Resources */,
			);
			runOnlyForDeploymentPostprocessing = 0;
		};
/* End PBXResourcesBuildPhase section */

/* Begin PBXSourcesBuildPhase section */
		CFC5C5762B318DE000C1ECD6 /* Sources */ = {
			isa = PBXSourcesBuildPhase;
			buildActionMask = 2147483647;
			files = (
				CFC5C5A72B31AEE600C1ECD6 /* BubbleView.swift in Sources */,
				CFC5C58E2B318F5000C1ECD6 /* Tab.swift in Sources */,
				CFC5C5902B31954000C1ECD6 /* SettingsView.swift in Sources */,
				CFC5C5962B3196BA00C1ECD6 /* ChevronIcon.swift in Sources */,
				CFC5C5802B318DE000C1ECD6 /* MainView.swift in Sources */,
				CFC5C5A42B31AECA00C1ECD6 /* String+Identifiable.swift in Sources */,
				CFC5C5932B31965F00C1ECD6 /* SettingButton.swift in Sources */,
				CFC5C5A02B31A42A00C1ECD6 /* SupportView.swift in Sources */,
				CFC5C59A2B3196FC00C1ECD6 /* ConditionalViewModifier.swift in Sources */,
				CFC5C57E2B318DE000C1ECD6 /* MyBudgetApp.swift in Sources */,
			);
			runOnlyForDeploymentPostprocessing = 0;
		};
/* End PBXSourcesBuildPhase section */

/* Begin XCBuildConfiguration section */
		CFC5C5862B318DE200C1ECD6 /* Debug */ = {
			isa = XCBuildConfiguration;
			buildSettings = {
				ALWAYS_SEARCH_USER_PATHS = NO;
				ASSETCATALOG_COMPILER_GENERATE_SWIFT_ASSET_SYMBOL_EXTENSIONS = YES;
				CLANG_ANALYZER_NONNULL = YES;
				CLANG_ANALYZER_NUMBER_OBJECT_CONVERSION = YES_AGGRESSIVE;
				CLANG_CXX_LANGUAGE_STANDARD = "gnu++20";
				CLANG_ENABLE_MODULES = YES;
				CLANG_ENABLE_OBJC_ARC = YES;
				CLANG_ENABLE_OBJC_WEAK = YES;
				CLANG_WARN_BLOCK_CAPTURE_AUTORELEASING = YES;
				CLANG_WARN_BOOL_CONVERSION = YES;
				CLANG_WARN_COMMA = YES;
				CLANG_WARN_CONSTANT_CONVERSION = YES;
				CLANG_WARN_DEPRECATED_OBJC_IMPLEMENTATIONS = YES;
				CLANG_WARN_DIRECT_OBJC_ISA_USAGE = YES_ERROR;
				CLANG_WARN_DOCUMENTATION_COMMENTS = YES;
				CLANG_WARN_EMPTY_BODY = YES;
				CLANG_WARN_ENUM_CONVERSION = YES;
				CLANG_WARN_INFINITE_RECURSION = YES;
				CLANG_WARN_INT_CONVERSION = YES;
				CLANG_WARN_NON_LITERAL_NULL_CONVERSION = YES;
				CLANG_WARN_OBJC_IMPLICIT_RETAIN_SELF = YES;
				CLANG_WARN_OBJC_LITERAL_CONVERSION = YES;
				CLANG_WARN_OBJC_ROOT_CLASS = YES_ERROR;
				CLANG_WARN_QUOTED_INCLUDE_IN_FRAMEWORK_HEADER = YES;
				CLANG_WARN_RANGE_LOOP_ANALYSIS = YES;
				CLANG_WARN_STRICT_PROTOTYPES = YES;
				CLANG_WARN_SUSPICIOUS_MOVE = YES;
				CLANG_WARN_UNGUARDED_AVAILABILITY = YES_AGGRESSIVE;
				CLANG_WARN_UNREACHABLE_CODE = YES;
				CLANG_WARN__DUPLICATE_METHOD_MATCH = YES;
				COPY_PHASE_STRIP = NO;
				DEBUG_INFORMATION_FORMAT = dwarf;
				ENABLE_STRICT_OBJC_MSGSEND = YES;
				ENABLE_TESTABILITY = YES;
				ENABLE_USER_SCRIPT_SANDBOXING = YES;
				GCC_C_LANGUAGE_STANDARD = gnu17;
				GCC_DYNAMIC_NO_PIC = NO;
				GCC_NO_COMMON_BLOCKS = YES;
				GCC_OPTIMIZATION_LEVEL = 0;
				GCC_PREPROCESSOR_DEFINITIONS = (
					"DEBUG=1",
					"$(inherited)",
				);
				GCC_WARN_64_TO_32_BIT_CONVERSION = YES;
				GCC_WARN_ABOUT_RETURN_TYPE = YES_ERROR;
				GCC_WARN_UNDECLARED_SELECTOR = YES;
				GCC_WARN_UNINITIALIZED_AUTOS = YES_AGGRESSIVE;
				GCC_WARN_UNUSED_FUNCTION = YES;
				GCC_WARN_UNUSED_VARIABLE = YES;
				IPHONEOS_DEPLOYMENT_TARGET = 17.2;
				LOCALIZATION_PREFERS_STRING_CATALOGS = YES;
				MTL_ENABLE_DEBUG_INFO = INCLUDE_SOURCE;
				MTL_FAST_MATH = YES;
				ONLY_ACTIVE_ARCH = YES;
				SDKROOT = iphoneos;
				SWIFT_ACTIVE_COMPILATION_CONDITIONS = "DEBUG $(inherited)";
				SWIFT_OPTIMIZATION_LEVEL = "-Onone";
			};
			name = Debug;
		};
		CFC5C5872B318DE200C1ECD6 /* Release */ = {
			isa = XCBuildConfiguration;
			buildSettings = {
				ALWAYS_SEARCH_USER_PATHS = NO;
				ASSETCATALOG_COMPILER_GENERATE_SWIFT_ASSET_SYMBOL_EXTENSIONS = YES;
				CLANG_ANALYZER_NONNULL = YES;
				CLANG_ANALYZER_NUMBER_OBJECT_CONVERSION = YES_AGGRESSIVE;
				CLANG_CXX_LANGUAGE_STANDARD = "gnu++20";
				CLANG_ENABLE_MODULES = YES;
				CLANG_ENABLE_OBJC_ARC = YES;
				CLANG_ENABLE_OBJC_WEAK = YES;
				CLANG_WARN_BLOCK_CAPTURE_AUTORELEASING = YES;
				CLANG_WARN_BOOL_CONVERSION = YES;
				CLANG_WARN_COMMA = YES;
				CLANG_WARN_CONSTANT_CONVERSION = YES;
				CLANG_WARN_DEPRECATED_OBJC_IMPLEMENTATIONS = YES;
				CLANG_WARN_DIRECT_OBJC_ISA_USAGE = YES_ERROR;
				CLANG_WARN_DOCUMENTATION_COMMENTS = YES;
				CLANG_WARN_EMPTY_BODY = YES;
				CLANG_WARN_ENUM_CONVERSION = YES;
				CLANG_WARN_INFINITE_RECURSION = YES;
				CLANG_WARN_INT_CONVERSION = YES;
				CLANG_WARN_NON_LITERAL_NULL_CONVERSION = YES;
				CLANG_WARN_OBJC_IMPLICIT_RETAIN_SELF = YES;
				CLANG_WARN_OBJC_LITERAL_CONVERSION = YES;
				CLANG_WARN_OBJC_ROOT_CLASS = YES_ERROR;
				CLANG_WARN_QUOTED_INCLUDE_IN_FRAMEWORK_HEADER = YES;
				CLANG_WARN_RANGE_LOOP_ANALYSIS = YES;
				CLANG_WARN_STRICT_PROTOTYPES = YES;
				CLANG_WARN_SUSPICIOUS_MOVE = YES;
				CLANG_WARN_UNGUARDED_AVAILABILITY = YES_AGGRESSIVE;
				CLANG_WARN_UNREACHABLE_CODE = YES;
				CLANG_WARN__DUPLICATE_METHOD_MATCH = YES;
				COPY_PHASE_STRIP = NO;
				DEBUG_INFORMATION_FORMAT = "dwarf-with-dsym";
				ENABLE_NS_ASSERTIONS = NO;
				ENABLE_STRICT_OBJC_MSGSEND = YES;
				ENABLE_USER_SCRIPT_SANDBOXING = YES;
				GCC_C_LANGUAGE_STANDARD = gnu17;
				GCC_NO_COMMON_BLOCKS = YES;
				GCC_WARN_64_TO_32_BIT_CONVERSION = YES;
				GCC_WARN_ABOUT_RETURN_TYPE = YES_ERROR;
				GCC_WARN_UNDECLARED_SELECTOR = YES;
				GCC_WARN_UNINITIALIZED_AUTOS = YES_AGGRESSIVE;
				GCC_WARN_UNUSED_FUNCTION = YES;
				GCC_WARN_UNUSED_VARIABLE = YES;
				IPHONEOS_DEPLOYMENT_TARGET = 17.2;
				LOCALIZATION_PREFERS_STRING_CATALOGS = YES;
				MTL_ENABLE_DEBUG_INFO = NO;
				MTL_FAST_MATH = YES;
				SDKROOT = iphoneos;
				SWIFT_COMPILATION_MODE = wholemodule;
				VALIDATE_PRODUCT = YES;
			};
			name = Release;
		};
		CFC5C5892B318DE200C1ECD6 /* Debug */ = {
			isa = XCBuildConfiguration;
			buildSettings = {
				ASSETCATALOG_COMPILER_APPICON_NAME = AppIcon;
				ASSETCATALOG_COMPILER_GLOBAL_ACCENT_COLOR_NAME = AccentColor;
				CODE_SIGN_STYLE = Automatic;
				CURRENT_PROJECT_VERSION = 1;
				DEVELOPMENT_ASSET_PATHS = "\"MyBudget/Preview Content\"";
				DEVELOPMENT_TEAM = 73YFFUD89Y;
				ENABLE_PREVIEWS = YES;
				GENERATE_INFOPLIST_FILE = YES;
				INFOPLIST_KEY_LSApplicationCategoryType = "public.app-category.finance";
				INFOPLIST_KEY_UIApplicationSceneManifest_Generation = YES;
				INFOPLIST_KEY_UIApplicationSupportsIndirectInputEvents = YES;
				INFOPLIST_KEY_UILaunchScreen_Generation = YES;
				INFOPLIST_KEY_UISupportedInterfaceOrientations = "UIInterfaceOrientationPortrait UIInterfaceOrientationPortraitUpsideDown";
				IPHONEOS_DEPLOYMENT_TARGET = 15.0;
				LD_RUNPATH_SEARCH_PATHS = (
					"$(inherited)",
					"@executable_path/Frameworks",
				);
				MARKETING_VERSION = 1.0;
				PRODUCT_BUNDLE_IDENTIFIER = Frostfell.MyBudget;
				PRODUCT_NAME = "$(TARGET_NAME)";
				SUPPORTED_PLATFORMS = "iphoneos iphonesimulator";
				SUPPORTS_MACCATALYST = NO;
				SUPPORTS_MAC_DESIGNED_FOR_IPHONE_IPAD = NO;
				SWIFT_EMIT_LOC_STRINGS = YES;
				SWIFT_VERSION = 5.0;
				TARGETED_DEVICE_FAMILY = 1;
			};
			name = Debug;
		};
		CFC5C58A2B318DE200C1ECD6 /* Release */ = {
			isa = XCBuildConfiguration;
			buildSettings = {
				ASSETCATALOG_COMPILER_APPICON_NAME = AppIcon;
				ASSETCATALOG_COMPILER_GLOBAL_ACCENT_COLOR_NAME = AccentColor;
				CODE_SIGN_STYLE = Automatic;
				CURRENT_PROJECT_VERSION = 1;
				DEVELOPMENT_ASSET_PATHS = "\"MyBudget/Preview Content\"";
				DEVELOPMENT_TEAM = 73YFFUD89Y;
				ENABLE_PREVIEWS = YES;
				GENERATE_INFOPLIST_FILE = YES;
				INFOPLIST_KEY_LSApplicationCategoryType = "public.app-category.finance";
				INFOPLIST_KEY_UIApplicationSceneManifest_Generation = YES;
				INFOPLIST_KEY_UIApplicationSupportsIndirectInputEvents = YES;
				INFOPLIST_KEY_UILaunchScreen_Generation = YES;
				INFOPLIST_KEY_UISupportedInterfaceOrientations = "UIInterfaceOrientationPortrait UIInterfaceOrientationPortraitUpsideDown";
				IPHONEOS_DEPLOYMENT_TARGET = 15.0;
				LD_RUNPATH_SEARCH_PATHS = (
					"$(inherited)",
					"@executable_path/Frameworks",
				);
				MARKETING_VERSION = 1.0;
				PRODUCT_BUNDLE_IDENTIFIER = Frostfell.MyBudget;
				PRODUCT_NAME = "$(TARGET_NAME)";
				SUPPORTED_PLATFORMS = "iphoneos iphonesimulator";
				SUPPORTS_MACCATALYST = NO;
				SUPPORTS_MAC_DESIGNED_FOR_IPHONE_IPAD = NO;
				SWIFT_EMIT_LOC_STRINGS = YES;
				SWIFT_VERSION = 5.0;
				TARGETED_DEVICE_FAMILY = 1;
			};
			name = Release;
		};
/* End XCBuildConfiguration section */

/* Begin XCConfigurationList section */
		CFC5C5752B318DE000C1ECD6 /* Build configuration list for PBXProject "MyBudget" */ = {
			isa = XCConfigurationList;
			buildConfigurations = (
				CFC5C5862B318DE200C1ECD6 /* Debug */,
				CFC5C5872B318DE200C1ECD6 /* Release */,
			);
			defaultConfigurationIsVisible = 0;
			defaultConfigurationName = Release;
		};
		CFC5C5882B318DE200C1ECD6 /* Build configuration list for PBXNativeTarget "MyBudget" */ = {
			isa = XCConfigurationList;
			buildConfigurations = (
				CFC5C5892B318DE200C1ECD6 /* Debug */,
				CFC5C58A2B318DE200C1ECD6 /* Release */,
			);
			defaultConfigurationIsVisible = 0;
			defaultConfigurationName = Release;
		};
/* End XCConfigurationList section */
	};
	rootObject = CFC5C5722B318DE000C1ECD6 /* Project object */;
}
